
Microsoft Visual Studio Solution File, Format Version 12.00
# Visual Studio Version 16
VisualStudioVersion = 16.0.31515.178
MinimumVisualStudioVersion = 10.0.40219.1
Project("{FAE04EC0-301F-11D3-BF4B-00C04F79EFBC}") = "İş Proje", "İş Proje\İş Proje.csproj", "{3D679701-5B8A-4D73-9304-1D49E22C793B}"
EndProject
Global
	GlobalSection(SolutionConfigurationPlatforms) = preSolution
		Debug|Any CPU = Debug|Any CPU
		Release|Any CPU = Release|Any CPU
	EndGlobalSection
	GlobalSection(ProjectConfigurationPlatforms) = postSolution
		{3D679701-5B8A-4D73-9304-1D49E22C793B}.Debug|Any CPU.ActiveCfg = Debug|Any CPU
		{3D679701-5B8A-4D73-9304-1D49E22C793B}.Debug|Any CPU.Build.0 = Debug|Any CPU
		{3D679701-5B8A-4D73-9304-1D49E22C793B}.Release|Any CPU.ActiveCfg = Release|Any CPU
		{3D679701-5B8A-4D73-9304-1D49E22C793B}.Release|Any CPU.Build.0 = Release|Any CPU
	EndGlobalSection
	GlobalSection(SolutionProperties) = preSolution
		HideSolutionNode = FALSE
	EndGlobalSection
	GlobalSection(ExtensibilityGlobals) = postSolution
		SolutionGuid = {2019C381-1928-47F8-82B7-A03AEBBC053F}
	EndGlobalSection
EndGlobal
